// !$*UTF8*$!
{
	archiveVersion = 1;
	classes = {
	};
	objectVersion = 55;
	objects = {

/* Begin PBXBuildFile section */
		535211682811BD6C0096FF57 /* AppDelegate.swift in Sources */ = {isa = PBXBuildFile; fileRef = 535211672811BD6C0096FF57 /* AppDelegate.swift */; };
		5352116A2811BD6C0096FF57 /* SceneDelegate.swift in Sources */ = {isa = PBXBuildFile; fileRef = 535211692811BD6C0096FF57 /* SceneDelegate.swift */; };
		5352116C2811BD6C0096FF57 /* TabBarViewController.swift in Sources */ = {isa = PBXBuildFile; fileRef = 5352116B2811BD6C0096FF57 /* TabBarViewController.swift */; };
		5352116F2811BD6C0096FF57 /* Main.storyboard in Resources */ = {isa = PBXBuildFile; fileRef = 5352116D2811BD6C0096FF57 /* Main.storyboard */; };
		535211722811BD6C0096FF57 /* Moview.xcdatamodeld in Sources */ = {isa = PBXBuildFile; fileRef = 535211702811BD6C0096FF57 /* Moview.xcdatamodeld */; };
		535211742811BD6E0096FF57 /* Assets.xcassets in Resources */ = {isa = PBXBuildFile; fileRef = 535211732811BD6E0096FF57 /* Assets.xcassets */; };
		535211772811BD6E0096FF57 /* LaunchScreen.storyboard in Resources */ = {isa = PBXBuildFile; fileRef = 535211752811BD6E0096FF57 /* LaunchScreen.storyboard */; };
		535211822811BD6E0096FF57 /* MoviewTests.swift in Sources */ = {isa = PBXBuildFile; fileRef = 535211812811BD6E0096FF57 /* MoviewTests.swift */; };
		5352118C2811BD6E0096FF57 /* MoviewUITests.swift in Sources */ = {isa = PBXBuildFile; fileRef = 5352118B2811BD6E0096FF57 /* MoviewUITests.swift */; };
		5352118E2811BD6E0096FF57 /* MoviewUITestsLaunchTests.swift in Sources */ = {isa = PBXBuildFile; fileRef = 5352118D2811BD6E0096FF57 /* MoviewUITestsLaunchTests.swift */; };
		535211A12811E3840096FF57 /* BaseViewController.swift in Sources */ = {isa = PBXBuildFile; fileRef = 535211A02811E3840096FF57 /* BaseViewController.swift */; };
		535211A92811EC460096FF57 /* Montserrat-Medium.ttf in Resources */ = {isa = PBXBuildFile; fileRef = 535211A62811EC460096FF57 /* Montserrat-Medium.ttf */; };
		535211AA2811EC460096FF57 /* Montserrat-Bold.ttf in Resources */ = {isa = PBXBuildFile; fileRef = 535211A72811EC460096FF57 /* Montserrat-Bold.ttf */; };
		535211AB2811EC460096FF57 /* Montserrat-Regular.ttf in Resources */ = {isa = PBXBuildFile; fileRef = 535211A82811EC460096FF57 /* Montserrat-Regular.ttf */; };
		535211AF2811FD880096FF57 /* Constants.swift in Sources */ = {isa = PBXBuildFile; fileRef = 535211AE2811FD880096FF57 /* Constants.swift */; };
		535211B82812031F0096FF57 /* HomeConfiguration.swift in Sources */ = {isa = PBXBuildFile; fileRef = 535211B02812031E0096FF57 /* HomeConfiguration.swift */; };
		535211B92812031F0096FF57 /* HomePresenter.swift in Sources */ = {isa = PBXBuildFile; fileRef = 535211B12812031F0096FF57 /* HomePresenter.swift */; };
		535211BA2812031F0096FF57 /* HomeRouter.swift in Sources */ = {isa = PBXBuildFile; fileRef = 535211B22812031F0096FF57 /* HomeRouter.swift */; };
		535211BB2812031F0096FF57 /* HomeViewController.swift in Sources */ = {isa = PBXBuildFile; fileRef = 535211B32812031F0096FF57 /* HomeViewController.swift */; };
		535211BC2812031F0096FF57 /* HomeInteractor.swift in Sources */ = {isa = PBXBuildFile; fileRef = 535211B42812031F0096FF57 /* HomeInteractor.swift */; };
		535211BD2812031F0096FF57 /* HomeModel.swift in Sources */ = {isa = PBXBuildFile; fileRef = 535211B52812031F0096FF57 /* HomeModel.swift */; };
		535211BE2812031F0096FF57 /* HomeViewController.xib in Resources */ = {isa = PBXBuildFile; fileRef = 535211B62812031F0096FF57 /* HomeViewController.xib */; };
		535211BF2812031F0096FF57 /* HomeManager.swift in Sources */ = {isa = PBXBuildFile; fileRef = 535211B72812031F0096FF57 /* HomeManager.swift */; };
		535211C928120F590096FF57 /* FavoritesConfiguration.swift in Sources */ = {isa = PBXBuildFile; fileRef = 535211C128120F590096FF57 /* FavoritesConfiguration.swift */; };
		535211CA28120F590096FF57 /* FavoritesPresenter.swift in Sources */ = {isa = PBXBuildFile; fileRef = 535211C228120F590096FF57 /* FavoritesPresenter.swift */; };
		535211CB28120F590096FF57 /* FavoritesRouter.swift in Sources */ = {isa = PBXBuildFile; fileRef = 535211C328120F590096FF57 /* FavoritesRouter.swift */; };
		535211CC28120F590096FF57 /* FavoritesViewController.swift in Sources */ = {isa = PBXBuildFile; fileRef = 535211C428120F590096FF57 /* FavoritesViewController.swift */; };
		535211CD28120F590096FF57 /* FavoritesInteractor.swift in Sources */ = {isa = PBXBuildFile; fileRef = 535211C528120F590096FF57 /* FavoritesInteractor.swift */; };
		535211CE28120F590096FF57 /* FavoritesModel.swift in Sources */ = {isa = PBXBuildFile; fileRef = 535211C628120F590096FF57 /* FavoritesModel.swift */; };
		535211CF28120F590096FF57 /* FavoritesViewController.xib in Resources */ = {isa = PBXBuildFile; fileRef = 535211C728120F590096FF57 /* FavoritesViewController.xib */; };
		535211D028120F590096FF57 /* FavoritesManager.swift in Sources */ = {isa = PBXBuildFile; fileRef = 535211C828120F590096FF57 /* FavoritesManager.swift */; };
		535211D428120F8A0096FF57 /* InfoViewController.swift in Sources */ = {isa = PBXBuildFile; fileRef = 535211D228120F8A0096FF57 /* InfoViewController.swift */; };
		535211D528120F8A0096FF57 /* InfoViewController.xib in Resources */ = {isa = PBXBuildFile; fileRef = 535211D328120F8A0096FF57 /* InfoViewController.xib */; };
		535211D7281214B70096FF57 /* UIColorExtension.swift in Sources */ = {isa = PBXBuildFile; fileRef = 535211D6281214B70096FF57 /* UIColorExtension.swift */; };
		53DCE32B2814402E006B1CE0 /* MovieCell.swift in Sources */ = {isa = PBXBuildFile; fileRef = 53DCE3292814402E006B1CE0 /* MovieCell.swift */; };
		53DCE32C2814402E006B1CE0 /* MovieCell.xib in Resources */ = {isa = PBXBuildFile; fileRef = 53DCE32A2814402E006B1CE0 /* MovieCell.xib */; };
		53DCE32E281452EA006B1CE0 /* MoviesResponse.swift in Sources */ = {isa = PBXBuildFile; fileRef = 53DCE32D281452EA006B1CE0 /* MoviesResponse.swift */; };
		53DCE33028145333006B1CE0 /* Movie.swift in Sources */ = {isa = PBXBuildFile; fileRef = 53DCE32F28145333006B1CE0 /* Movie.swift */; };
		53DCE33228145411006B1CE0 /* UIImageViewExtension.swift in Sources */ = {isa = PBXBuildFile; fileRef = 53DCE33128145411006B1CE0 /* UIImageViewExtension.swift */; };
		53DCE334281454A2006B1CE0 /* ServicesConstants.swift in Sources */ = {isa = PBXBuildFile; fileRef = 53DCE333281454A2006B1CE0 /* ServicesConstants.swift */; };
		53DCE33628145DC7006B1CE0 /* ComunicationManager.swift in Sources */ = {isa = PBXBuildFile; fileRef = 53DCE33528145DC7006B1CE0 /* ComunicationManager.swift */; };
		53DCE33828145E6F006B1CE0 /* ErrorResponse.swift in Sources */ = {isa = PBXBuildFile; fileRef = 53DCE33728145E6F006B1CE0 /* ErrorResponse.swift */; };
		53DCE33A28145F10006B1CE0 /* NetworkManager.swift in Sources */ = {isa = PBXBuildFile; fileRef = 53DCE33928145F10006B1CE0 /* NetworkManager.swift */; };
		53DCE33C281461FD006B1CE0 /* LoggerExtension.swift in Sources */ = {isa = PBXBuildFile; fileRef = 53DCE33B281461FD006B1CE0 /* LoggerExtension.swift */; };
		53DCE33E281466F5006B1CE0 /* UITableViewCellExtension.swift in Sources */ = {isa = PBXBuildFile; fileRef = 53DCE33D281466F5006B1CE0 /* UITableViewCellExtension.swift */; };
		53DCE3482814E6CB006B1CE0 /* MovieDetailConfiguration.swift in Sources */ = {isa = PBXBuildFile; fileRef = 53DCE3402814E6CA006B1CE0 /* MovieDetailConfiguration.swift */; };
		53DCE3492814E6CB006B1CE0 /* MovieDetailPresenter.swift in Sources */ = {isa = PBXBuildFile; fileRef = 53DCE3412814E6CB006B1CE0 /* MovieDetailPresenter.swift */; };
		53DCE34A2814E6CB006B1CE0 /* MovieDetailRouter.swift in Sources */ = {isa = PBXBuildFile; fileRef = 53DCE3422814E6CB006B1CE0 /* MovieDetailRouter.swift */; };
		53DCE34B2814E6CB006B1CE0 /* MovieDetailViewController.swift in Sources */ = {isa = PBXBuildFile; fileRef = 53DCE3432814E6CB006B1CE0 /* MovieDetailViewController.swift */; };
		53DCE34C2814E6CB006B1CE0 /* MovieDetailInteractor.swift in Sources */ = {isa = PBXBuildFile; fileRef = 53DCE3442814E6CB006B1CE0 /* MovieDetailInteractor.swift */; };
		53DCE34D2814E6CB006B1CE0 /* MovieDetailModel.swift in Sources */ = {isa = PBXBuildFile; fileRef = 53DCE3452814E6CB006B1CE0 /* MovieDetailModel.swift */; };
		53DCE34E2814E6CB006B1CE0 /* MovieDetailViewController.xib in Resources */ = {isa = PBXBuildFile; fileRef = 53DCE3462814E6CB006B1CE0 /* MovieDetailViewController.xib */; };
		53DCE34F2814E6CB006B1CE0 /* MovieDetailManager.swift in Sources */ = {isa = PBXBuildFile; fileRef = 53DCE3472814E6CB006B1CE0 /* MovieDetailManager.swift */; };
		53DCE3512814EB92006B1CE0 /* VideosResponse.swift in Sources */ = {isa = PBXBuildFile; fileRef = 53DCE3502814EB92006B1CE0 /* VideosResponse.swift */; };
		53DCE3532814ECAF006B1CE0 /* Video.swift in Sources */ = {isa = PBXBuildFile; fileRef = 53DCE3522814ECAF006B1CE0 /* Video.swift */; };
		53DCE3552814F252006B1CE0 /* MovieDetail.swift in Sources */ = {isa = PBXBuildFile; fileRef = 53DCE3542814F252006B1CE0 /* MovieDetail.swift */; };
		53DCE35728151696006B1CE0 /* UIViewExtension.swift in Sources */ = {isa = PBXBuildFile; fileRef = 53DCE35628151696006B1CE0 /* UIViewExtension.swift */; };
/* End PBXBuildFile section */

/* Begin PBXContainerItemProxy section */
		5352117E2811BD6E0096FF57 /* PBXContainerItemProxy */ = {
			isa = PBXContainerItemProxy;
			containerPortal = 5352115C2811BD6C0096FF57 /* Project object */;
			proxyType = 1;
			remoteGlobalIDString = 535211632811BD6C0096FF57;
			remoteInfo = Moview;
		};
		535211882811BD6E0096FF57 /* PBXContainerItemProxy */ = {
			isa = PBXContainerItemProxy;
			containerPortal = 5352115C2811BD6C0096FF57 /* Project object */;
			proxyType = 1;
			remoteGlobalIDString = 535211632811BD6C0096FF57;
			remoteInfo = Moview;
		};
/* End PBXContainerItemProxy section */

/* Begin PBXFileReference section */
		535211642811BD6C0096FF57 /* Moview.app */ = {isa = PBXFileReference; explicitFileType = wrapper.application; includeInIndex = 0; path = Moview.app; sourceTree = BUILT_PRODUCTS_DIR; };
		535211672811BD6C0096FF57 /* AppDelegate.swift */ = {isa = PBXFileReference; lastKnownFileType = sourcecode.swift; path = AppDelegate.swift; sourceTree = "<group>"; };
		535211692811BD6C0096FF57 /* SceneDelegate.swift */ = {isa = PBXFileReference; lastKnownFileType = sourcecode.swift; path = SceneDelegate.swift; sourceTree = "<group>"; };
		5352116B2811BD6C0096FF57 /* TabBarViewController.swift */ = {isa = PBXFileReference; lastKnownFileType = sourcecode.swift; path = TabBarViewController.swift; sourceTree = "<group>"; };
		5352116E2811BD6C0096FF57 /* Base */ = {isa = PBXFileReference; lastKnownFileType = file.storyboard; name = Base; path = Base.lproj/Main.storyboard; sourceTree = "<group>"; };
		535211712811BD6C0096FF57 /* Moview.xcdatamodel */ = {isa = PBXFileReference; lastKnownFileType = wrapper.xcdatamodel; path = Moview.xcdatamodel; sourceTree = "<group>"; };
		535211732811BD6E0096FF57 /* Assets.xcassets */ = {isa = PBXFileReference; lastKnownFileType = folder.assetcatalog; path = Assets.xcassets; sourceTree = "<group>"; };
		535211762811BD6E0096FF57 /* Base */ = {isa = PBXFileReference; lastKnownFileType = file.storyboard; name = Base; path = Base.lproj/LaunchScreen.storyboard; sourceTree = "<group>"; };
		535211782811BD6E0096FF57 /* Info.plist */ = {isa = PBXFileReference; lastKnownFileType = text.plist.xml; path = Info.plist; sourceTree = "<group>"; };
		5352117D2811BD6E0096FF57 /* MoviewTests.xctest */ = {isa = PBXFileReference; explicitFileType = wrapper.cfbundle; includeInIndex = 0; path = MoviewTests.xctest; sourceTree = BUILT_PRODUCTS_DIR; };
		535211812811BD6E0096FF57 /* MoviewTests.swift */ = {isa = PBXFileReference; lastKnownFileType = sourcecode.swift; path = MoviewTests.swift; sourceTree = "<group>"; };
		535211872811BD6E0096FF57 /* MoviewUITests.xctest */ = {isa = PBXFileReference; explicitFileType = wrapper.cfbundle; includeInIndex = 0; path = MoviewUITests.xctest; sourceTree = BUILT_PRODUCTS_DIR; };
		5352118B2811BD6E0096FF57 /* MoviewUITests.swift */ = {isa = PBXFileReference; lastKnownFileType = sourcecode.swift; path = MoviewUITests.swift; sourceTree = "<group>"; };
		5352118D2811BD6E0096FF57 /* MoviewUITestsLaunchTests.swift */ = {isa = PBXFileReference; lastKnownFileType = sourcecode.swift; path = MoviewUITestsLaunchTests.swift; sourceTree = "<group>"; };
		535211A02811E3840096FF57 /* BaseViewController.swift */ = {isa = PBXFileReference; lastKnownFileType = sourcecode.swift; path = BaseViewController.swift; sourceTree = "<group>"; };
		535211A62811EC460096FF57 /* Montserrat-Medium.ttf */ = {isa = PBXFileReference; lastKnownFileType = file; path = "Montserrat-Medium.ttf"; sourceTree = "<group>"; };
		535211A72811EC460096FF57 /* Montserrat-Bold.ttf */ = {isa = PBXFileReference; lastKnownFileType = file; path = "Montserrat-Bold.ttf"; sourceTree = "<group>"; };
		535211A82811EC460096FF57 /* Montserrat-Regular.ttf */ = {isa = PBXFileReference; lastKnownFileType = file; path = "Montserrat-Regular.ttf"; sourceTree = "<group>"; };
		535211AE2811FD880096FF57 /* Constants.swift */ = {isa = PBXFileReference; lastKnownFileType = sourcecode.swift; path = Constants.swift; sourceTree = "<group>"; };
		535211B02812031E0096FF57 /* HomeConfiguration.swift */ = {isa = PBXFileReference; lastKnownFileType = sourcecode.swift; path = HomeConfiguration.swift; sourceTree = "<group>"; };
		535211B12812031F0096FF57 /* HomePresenter.swift */ = {isa = PBXFileReference; lastKnownFileType = sourcecode.swift; path = HomePresenter.swift; sourceTree = "<group>"; };
		535211B22812031F0096FF57 /* HomeRouter.swift */ = {isa = PBXFileReference; lastKnownFileType = sourcecode.swift; path = HomeRouter.swift; sourceTree = "<group>"; };
		535211B32812031F0096FF57 /* HomeViewController.swift */ = {isa = PBXFileReference; lastKnownFileType = sourcecode.swift; path = HomeViewController.swift; sourceTree = "<group>"; };
		535211B42812031F0096FF57 /* HomeInteractor.swift */ = {isa = PBXFileReference; lastKnownFileType = sourcecode.swift; path = HomeInteractor.swift; sourceTree = "<group>"; };
		535211B52812031F0096FF57 /* HomeModel.swift */ = {isa = PBXFileReference; lastKnownFileType = sourcecode.swift; path = HomeModel.swift; sourceTree = "<group>"; };
		535211B62812031F0096FF57 /* HomeViewController.xib */ = {isa = PBXFileReference; lastKnownFileType = file.xib; path = HomeViewController.xib; sourceTree = "<group>"; };
		535211B72812031F0096FF57 /* HomeManager.swift */ = {isa = PBXFileReference; lastKnownFileType = sourcecode.swift; path = HomeManager.swift; sourceTree = "<group>"; };
		535211C128120F590096FF57 /* FavoritesConfiguration.swift */ = {isa = PBXFileReference; lastKnownFileType = sourcecode.swift; path = FavoritesConfiguration.swift; sourceTree = "<group>"; };
		535211C228120F590096FF57 /* FavoritesPresenter.swift */ = {isa = PBXFileReference; lastKnownFileType = sourcecode.swift; path = FavoritesPresenter.swift; sourceTree = "<group>"; };
		535211C328120F590096FF57 /* FavoritesRouter.swift */ = {isa = PBXFileReference; lastKnownFileType = sourcecode.swift; path = FavoritesRouter.swift; sourceTree = "<group>"; };
		535211C428120F590096FF57 /* FavoritesViewController.swift */ = {isa = PBXFileReference; lastKnownFileType = sourcecode.swift; path = FavoritesViewController.swift; sourceTree = "<group>"; };
		535211C528120F590096FF57 /* FavoritesInteractor.swift */ = {isa = PBXFileReference; lastKnownFileType = sourcecode.swift; path = FavoritesInteractor.swift; sourceTree = "<group>"; };
		535211C628120F590096FF57 /* FavoritesModel.swift */ = {isa = PBXFileReference; lastKnownFileType = sourcecode.swift; path = FavoritesModel.swift; sourceTree = "<group>"; };
		535211C728120F590096FF57 /* FavoritesViewController.xib */ = {isa = PBXFileReference; lastKnownFileType = file.xib; path = FavoritesViewController.xib; sourceTree = "<group>"; };
		535211C828120F590096FF57 /* FavoritesManager.swift */ = {isa = PBXFileReference; lastKnownFileType = sourcecode.swift; path = FavoritesManager.swift; sourceTree = "<group>"; };
		535211D228120F8A0096FF57 /* InfoViewController.swift */ = {isa = PBXFileReference; lastKnownFileType = sourcecode.swift; path = InfoViewController.swift; sourceTree = "<group>"; };
		535211D328120F8A0096FF57 /* InfoViewController.xib */ = {isa = PBXFileReference; lastKnownFileType = file.xib; path = InfoViewController.xib; sourceTree = "<group>"; };
		535211D6281214B70096FF57 /* UIColorExtension.swift */ = {isa = PBXFileReference; lastKnownFileType = sourcecode.swift; path = UIColorExtension.swift; sourceTree = "<group>"; };
		53DCE3292814402E006B1CE0 /* MovieCell.swift */ = {isa = PBXFileReference; lastKnownFileType = sourcecode.swift; path = MovieCell.swift; sourceTree = "<group>"; };
		53DCE32A2814402E006B1CE0 /* MovieCell.xib */ = {isa = PBXFileReference; lastKnownFileType = file.xib; path = MovieCell.xib; sourceTree = "<group>"; };
		53DCE32D281452EA006B1CE0 /* MoviesResponse.swift */ = {isa = PBXFileReference; lastKnownFileType = sourcecode.swift; path = MoviesResponse.swift; sourceTree = "<group>"; };
		53DCE32F28145333006B1CE0 /* Movie.swift */ = {isa = PBXFileReference; lastKnownFileType = sourcecode.swift; path = Movie.swift; sourceTree = "<group>"; };
		53DCE33128145411006B1CE0 /* UIImageViewExtension.swift */ = {isa = PBXFileReference; lastKnownFileType = sourcecode.swift; path = UIImageViewExtension.swift; sourceTree = "<group>"; };
		53DCE333281454A2006B1CE0 /* ServicesConstants.swift */ = {isa = PBXFileReference; lastKnownFileType = sourcecode.swift; path = ServicesConstants.swift; sourceTree = "<group>"; };
		53DCE33528145DC7006B1CE0 /* ComunicationManager.swift */ = {isa = PBXFileReference; lastKnownFileType = sourcecode.swift; path = ComunicationManager.swift; sourceTree = "<group>"; };
		53DCE33728145E6F006B1CE0 /* ErrorResponse.swift */ = {isa = PBXFileReference; lastKnownFileType = sourcecode.swift; path = ErrorResponse.swift; sourceTree = "<group>"; };
		53DCE33928145F10006B1CE0 /* NetworkManager.swift */ = {isa = PBXFileReference; lastKnownFileType = sourcecode.swift; path = NetworkManager.swift; sourceTree = "<group>"; };
		53DCE33B281461FD006B1CE0 /* LoggerExtension.swift */ = {isa = PBXFileReference; lastKnownFileType = sourcecode.swift; path = LoggerExtension.swift; sourceTree = "<group>"; };
		53DCE33D281466F5006B1CE0 /* UITableViewCellExtension.swift */ = {isa = PBXFileReference; lastKnownFileType = sourcecode.swift; path = UITableViewCellExtension.swift; sourceTree = "<group>"; };
		53DCE3402814E6CA006B1CE0 /* MovieDetailConfiguration.swift */ = {isa = PBXFileReference; lastKnownFileType = sourcecode.swift; path = MovieDetailConfiguration.swift; sourceTree = "<group>"; };
		53DCE3412814E6CB006B1CE0 /* MovieDetailPresenter.swift */ = {isa = PBXFileReference; lastKnownFileType = sourcecode.swift; path = MovieDetailPresenter.swift; sourceTree = "<group>"; };
		53DCE3422814E6CB006B1CE0 /* MovieDetailRouter.swift */ = {isa = PBXFileReference; lastKnownFileType = sourcecode.swift; path = MovieDetailRouter.swift; sourceTree = "<group>"; };
		53DCE3432814E6CB006B1CE0 /* MovieDetailViewController.swift */ = {isa = PBXFileReference; lastKnownFileType = sourcecode.swift; path = MovieDetailViewController.swift; sourceTree = "<group>"; };
		53DCE3442814E6CB006B1CE0 /* MovieDetailInteractor.swift */ = {isa = PBXFileReference; lastKnownFileType = sourcecode.swift; path = MovieDetailInteractor.swift; sourceTree = "<group>"; };
		53DCE3452814E6CB006B1CE0 /* MovieDetailModel.swift */ = {isa = PBXFileReference; lastKnownFileType = sourcecode.swift; path = MovieDetailModel.swift; sourceTree = "<group>"; };
		53DCE3462814E6CB006B1CE0 /* MovieDetailViewController.xib */ = {isa = PBXFileReference; lastKnownFileType = file.xib; path = MovieDetailViewController.xib; sourceTree = "<group>"; };
		53DCE3472814E6CB006B1CE0 /* MovieDetailManager.swift */ = {isa = PBXFileReference; lastKnownFileType = sourcecode.swift; path = MovieDetailManager.swift; sourceTree = "<group>"; };
		53DCE3502814EB92006B1CE0 /* VideosResponse.swift */ = {isa = PBXFileReference; lastKnownFileType = sourcecode.swift; path = VideosResponse.swift; sourceTree = "<group>"; };
		53DCE3522814ECAF006B1CE0 /* Video.swift */ = {isa = PBXFileReference; lastKnownFileType = sourcecode.swift; path = Video.swift; sourceTree = "<group>"; };
		53DCE3542814F252006B1CE0 /* MovieDetail.swift */ = {isa = PBXFileReference; lastKnownFileType = sourcecode.swift; path = MovieDetail.swift; sourceTree = "<group>"; };
		53DCE35628151696006B1CE0 /* UIViewExtension.swift */ = {isa = PBXFileReference; lastKnownFileType = sourcecode.swift; path = UIViewExtension.swift; sourceTree = "<group>"; };
/* End PBXFileReference section */

/* Begin PBXFrameworksBuildPhase section */
		535211612811BD6C0096FF57 /* Frameworks */ = {
			isa = PBXFrameworksBuildPhase;
			buildActionMask = 2147483647;
			files = (
			);
			runOnlyForDeploymentPostprocessing = 0;
		};
		5352117A2811BD6E0096FF57 /* Frameworks */ = {
			isa = PBXFrameworksBuildPhase;
			buildActionMask = 2147483647;
			files = (
			);
			runOnlyForDeploymentPostprocessing = 0;
		};
		535211842811BD6E0096FF57 /* Frameworks */ = {
			isa = PBXFrameworksBuildPhase;
			buildActionMask = 2147483647;
			files = (
			);
			runOnlyForDeploymentPostprocessing = 0;
		};
/* End PBXFrameworksBuildPhase section */

/* Begin PBXGroup section */
		5352115B2811BD6C0096FF57 = {
			isa = PBXGroup;
			children = (
				535211662811BD6C0096FF57 /* Moview */,
				535211802811BD6E0096FF57 /* MoviewTests */,
				5352118A2811BD6E0096FF57 /* MoviewUITests */,
				535211652811BD6C0096FF57 /* Products */,
			);
			sourceTree = "<group>";
		};
		535211652811BD6C0096FF57 /* Products */ = {
			isa = PBXGroup;
			children = (
				535211642811BD6C0096FF57 /* Moview.app */,
				5352117D2811BD6E0096FF57 /* MoviewTests.xctest */,
				535211872811BD6E0096FF57 /* MoviewUITests.xctest */,
			);
			name = Products;
			sourceTree = "<group>";
		};
		535211662811BD6C0096FF57 /* Moview */ = {
			isa = PBXGroup;
			children = (
				5352119A2811E2F00096FF57 /* API */,
				5352119B2811E2F70096FF57 /* Modules */,
				5352119C2811E3000096FF57 /* Resources */,
				5352119D2811E3080096FF57 /* Utils */,
				535211672811BD6C0096FF57 /* AppDelegate.swift */,
				535211692811BD6C0096FF57 /* SceneDelegate.swift */,
				535211782811BD6E0096FF57 /* Info.plist */,
				535211702811BD6C0096FF57 /* Moview.xcdatamodeld */,
			);
			path = Moview;
			sourceTree = "<group>";
		};
		535211802811BD6E0096FF57 /* MoviewTests */ = {
			isa = PBXGroup;
			children = (
				535211812811BD6E0096FF57 /* MoviewTests.swift */,
			);
			path = MoviewTests;
			sourceTree = "<group>";
		};
		5352118A2811BD6E0096FF57 /* MoviewUITests */ = {
			isa = PBXGroup;
			children = (
				5352118B2811BD6E0096FF57 /* MoviewUITests.swift */,
				5352118D2811BD6E0096FF57 /* MoviewUITestsLaunchTests.swift */,
			);
			path = MoviewUITests;
			sourceTree = "<group>";
		};
		5352119A2811E2F00096FF57 /* API */ = {
			isa = PBXGroup;
			children = (
				5352119E2811E3200096FF57 /* Models */,
				53DCE33528145DC7006B1CE0 /* ComunicationManager.swift */,
				53DCE33928145F10006B1CE0 /* NetworkManager.swift */,
			);
			path = API;
			sourceTree = "<group>";
		};
		5352119B2811E2F70096FF57 /* Modules */ = {
			isa = PBXGroup;
			children = (
				53DCE33F2814E6AD006B1CE0 /* MovieDetail */,
				5352119F2811E3610096FF57 /* Base */,
				535211C028120F280096FF57 /* Favorites */,
				535211AC2811F7B50096FF57 /* Home */,
				535211D128120F660096FF57 /* Info */,
				535211AD2811FC870096FF57 /* TabBar */,
			);
			path = Modules;
			sourceTree = "<group>";
		};
		5352119C2811E3000096FF57 /* Resources */ = {
			isa = PBXGroup;
			children = (
				535211A22811E3980096FF57 /* Fonts */,
				535211A32811E3A20096FF57 /* Storyboards */,
				535211732811BD6E0096FF57 /* Assets.xcassets */,
			);
			path = Resources;
			sourceTree = "<group>";
		};
		5352119D2811E3080096FF57 /* Utils */ = {
			isa = PBXGroup;
			children = (
				535211A42811E3BE0096FF57 /* Constants */,
				535211A52811E3C70096FF57 /* Extensions */,
			);
			path = Utils;
			sourceTree = "<group>";
		};
		5352119E2811E3200096FF57 /* Models */ = {
			isa = PBXGroup;
			children = (
				53DCE33728145E6F006B1CE0 /* ErrorResponse.swift */,
				53DCE32F28145333006B1CE0 /* Movie.swift */,
				53DCE3542814F252006B1CE0 /* MovieDetail.swift */,
				53DCE32D281452EA006B1CE0 /* MoviesResponse.swift */,
				53DCE3522814ECAF006B1CE0 /* Video.swift */,
				53DCE3502814EB92006B1CE0 /* VideosResponse.swift */,
			);
			path = Models;
			sourceTree = "<group>";
		};
		5352119F2811E3610096FF57 /* Base */ = {
			isa = PBXGroup;
			children = (
				535211A02811E3840096FF57 /* BaseViewController.swift */,
			);
			path = Base;
			sourceTree = "<group>";
		};
		535211A22811E3980096FF57 /* Fonts */ = {
			isa = PBXGroup;
			children = (
				535211A72811EC460096FF57 /* Montserrat-Bold.ttf */,
				535211A62811EC460096FF57 /* Montserrat-Medium.ttf */,
				535211A82811EC460096FF57 /* Montserrat-Regular.ttf */,
			);
			path = Fonts;
			sourceTree = "<group>";
		};
		535211A32811E3A20096FF57 /* Storyboards */ = {
			isa = PBXGroup;
			children = (
				535211752811BD6E0096FF57 /* LaunchScreen.storyboard */,
			);
			path = Storyboards;
			sourceTree = "<group>";
		};
		535211A42811E3BE0096FF57 /* Constants */ = {
			isa = PBXGroup;
			children = (
				535211AE2811FD880096FF57 /* Constants.swift */,
				53DCE333281454A2006B1CE0 /* ServicesConstants.swift */,
			);
			path = Constants;
			sourceTree = "<group>";
		};
		535211A52811E3C70096FF57 /* Extensions */ = {
			isa = PBXGroup;
			children = (
				535211D6281214B70096FF57 /* UIColorExtension.swift */,
				53DCE33128145411006B1CE0 /* UIImageViewExtension.swift */,
				53DCE33B281461FD006B1CE0 /* LoggerExtension.swift */,
				53DCE33D281466F5006B1CE0 /* UITableViewCellExtension.swift */,
				53DCE35628151696006B1CE0 /* UIViewExtension.swift */,
			);
			path = Extensions;
			sourceTree = "<group>";
		};
		535211AC2811F7B50096FF57 /* Home */ = {
			isa = PBXGroup;
			children = (
				53DCE32828143FF7006B1CE0 /* MovieCell */,
				535211B02812031E0096FF57 /* HomeConfiguration.swift */,
				535211B42812031F0096FF57 /* HomeInteractor.swift */,
				535211B72812031F0096FF57 /* HomeManager.swift */,
				535211B52812031F0096FF57 /* HomeModel.swift */,
				535211B12812031F0096FF57 /* HomePresenter.swift */,
				535211B22812031F0096FF57 /* HomeRouter.swift */,
				535211B32812031F0096FF57 /* HomeViewController.swift */,
				535211B62812031F0096FF57 /* HomeViewController.xib */,
			);
			path = Home;
			sourceTree = "<group>";
		};
		535211AD2811FC870096FF57 /* TabBar */ = {
			isa = PBXGroup;
			children = (
				5352116B2811BD6C0096FF57 /* TabBarViewController.swift */,
				5352116D2811BD6C0096FF57 /* Main.storyboard */,
			);
			path = TabBar;
			sourceTree = "<group>";
		};
		535211C028120F280096FF57 /* Favorites */ = {
			isa = PBXGroup;
			children = (
				535211C128120F590096FF57 /* FavoritesConfiguration.swift */,
				535211C528120F590096FF57 /* FavoritesInteractor.swift */,
				535211C828120F590096FF57 /* FavoritesManager.swift */,
				535211C628120F590096FF57 /* FavoritesModel.swift */,
				535211C228120F590096FF57 /* FavoritesPresenter.swift */,
				535211C328120F590096FF57 /* FavoritesRouter.swift */,
				535211C428120F590096FF57 /* FavoritesViewController.swift */,
				535211C728120F590096FF57 /* FavoritesViewController.xib */,
			);
			path = Favorites;
			sourceTree = "<group>";
		};
		535211D128120F660096FF57 /* Info */ = {
			isa = PBXGroup;
			children = (
				535211D228120F8A0096FF57 /* InfoViewController.swift */,
				535211D328120F8A0096FF57 /* InfoViewController.xib */,
			);
			path = Info;
			sourceTree = "<group>";
		};
		53DCE32828143FF7006B1CE0 /* MovieCell */ = {
			isa = PBXGroup;
			children = (
				53DCE3292814402E006B1CE0 /* MovieCell.swift */,
				53DCE32A2814402E006B1CE0 /* MovieCell.xib */,
			);
			path = MovieCell;
			sourceTree = "<group>";
		};
		53DCE33F2814E6AD006B1CE0 /* MovieDetail */ = {
			isa = PBXGroup;
			children = (
				53DCE3402814E6CA006B1CE0 /* MovieDetailConfiguration.swift */,
				53DCE3412814E6CB006B1CE0 /* MovieDetailPresenter.swift */,
				53DCE3422814E6CB006B1CE0 /* MovieDetailRouter.swift */,
				53DCE3432814E6CB006B1CE0 /* MovieDetailViewController.swift */,
				53DCE3442814E6CB006B1CE0 /* MovieDetailInteractor.swift */,
				53DCE3452814E6CB006B1CE0 /* MovieDetailModel.swift */,
				53DCE3462814E6CB006B1CE0 /* MovieDetailViewController.xib */,
				53DCE3472814E6CB006B1CE0 /* MovieDetailManager.swift */,
			);
			path = MovieDetail;
			sourceTree = "<group>";
		};
/* End PBXGroup section */

/* Begin PBXNativeTarget section */
		535211632811BD6C0096FF57 /* Moview */ = {
			isa = PBXNativeTarget;
			buildConfigurationList = 535211912811BD6E0096FF57 /* Build configuration list for PBXNativeTarget "Moview" */;
			buildPhases = (
				535211602811BD6C0096FF57 /* Sources */,
				535211612811BD6C0096FF57 /* Frameworks */,
				535211622811BD6C0096FF57 /* Resources */,
			);
			buildRules = (
			);
			dependencies = (
			);
			name = Moview;
			productName = Moview;
			productReference = 535211642811BD6C0096FF57 /* Moview.app */;
			productType = "com.apple.product-type.application";
		};
		5352117C2811BD6E0096FF57 /* MoviewTests */ = {
			isa = PBXNativeTarget;
			buildConfigurationList = 535211942811BD6E0096FF57 /* Build configuration list for PBXNativeTarget "MoviewTests" */;
			buildPhases = (
				535211792811BD6E0096FF57 /* Sources */,
				5352117A2811BD6E0096FF57 /* Frameworks */,
				5352117B2811BD6E0096FF57 /* Resources */,
			);
			buildRules = (
			);
			dependencies = (
				5352117F2811BD6E0096FF57 /* PBXTargetDependency */,
			);
			name = MoviewTests;
			productName = MoviewTests;
			productReference = 5352117D2811BD6E0096FF57 /* MoviewTests.xctest */;
			productType = "com.apple.product-type.bundle.unit-test";
		};
		535211862811BD6E0096FF57 /* MoviewUITests */ = {
			isa = PBXNativeTarget;
			buildConfigurationList = 535211972811BD6E0096FF57 /* Build configuration list for PBXNativeTarget "MoviewUITests" */;
			buildPhases = (
				535211832811BD6E0096FF57 /* Sources */,
				535211842811BD6E0096FF57 /* Frameworks */,
				535211852811BD6E0096FF57 /* Resources */,
			);
			buildRules = (
			);
			dependencies = (
				535211892811BD6E0096FF57 /* PBXTargetDependency */,
			);
			name = MoviewUITests;
			productName = MoviewUITests;
			productReference = 535211872811BD6E0096FF57 /* MoviewUITests.xctest */;
			productType = "com.apple.product-type.bundle.ui-testing";
		};
/* End PBXNativeTarget section */

/* Begin PBXProject section */
		5352115C2811BD6C0096FF57 /* Project object */ = {
			isa = PBXProject;
			attributes = {
				BuildIndependentTargetsInParallel = 1;
				LastSwiftUpdateCheck = 1320;
				LastUpgradeCheck = 1320;
				TargetAttributes = {
					535211632811BD6C0096FF57 = {
						CreatedOnToolsVersion = 13.2.1;
					};
					5352117C2811BD6E0096FF57 = {
						CreatedOnToolsVersion = 13.2.1;
						TestTargetID = 535211632811BD6C0096FF57;
					};
					535211862811BD6E0096FF57 = {
						CreatedOnToolsVersion = 13.2.1;
						TestTargetID = 535211632811BD6C0096FF57;
					};
				};
			};
			buildConfigurationList = 5352115F2811BD6C0096FF57 /* Build configuration list for PBXProject "Moview" */;
			compatibilityVersion = "Xcode 13.0";
			developmentRegion = en;
			hasScannedForEncodings = 0;
			knownRegions = (
				en,
				Base,
			);
			mainGroup = 5352115B2811BD6C0096FF57;
			productRefGroup = 535211652811BD6C0096FF57 /* Products */;
			projectDirPath = "";
			projectRoot = "";
			targets = (
				535211632811BD6C0096FF57 /* Moview */,
				5352117C2811BD6E0096FF57 /* MoviewTests */,
				535211862811BD6E0096FF57 /* MoviewUITests */,
			);
		};
/* End PBXProject section */

/* Begin PBXResourcesBuildPhase section */
		535211622811BD6C0096FF57 /* Resources */ = {
			isa = PBXResourcesBuildPhase;
			buildActionMask = 2147483647;
			files = (
				535211AB2811EC460096FF57 /* Montserrat-Regular.ttf in Resources */,
				535211D528120F8A0096FF57 /* InfoViewController.xib in Resources */,
				535211AA2811EC460096FF57 /* Montserrat-Bold.ttf in Resources */,
				535211772811BD6E0096FF57 /* LaunchScreen.storyboard in Resources */,
				53DCE32C2814402E006B1CE0 /* MovieCell.xib in Resources */,
				535211742811BD6E0096FF57 /* Assets.xcassets in Resources */,
				535211A92811EC460096FF57 /* Montserrat-Medium.ttf in Resources */,
				535211BE2812031F0096FF57 /* HomeViewController.xib in Resources */,
				535211CF28120F590096FF57 /* FavoritesViewController.xib in Resources */,
				53DCE34E2814E6CB006B1CE0 /* MovieDetailViewController.xib in Resources */,
				5352116F2811BD6C0096FF57 /* Main.storyboard in Resources */,
			);
			runOnlyForDeploymentPostprocessing = 0;
		};
		5352117B2811BD6E0096FF57 /* Resources */ = {
			isa = PBXResourcesBuildPhase;
			buildActionMask = 2147483647;
			files = (
			);
			runOnlyForDeploymentPostprocessing = 0;
		};
		535211852811BD6E0096FF57 /* Resources */ = {
			isa = PBXResourcesBuildPhase;
			buildActionMask = 2147483647;
			files = (
			);
			runOnlyForDeploymentPostprocessing = 0;
		};
/* End PBXResourcesBuildPhase section */

/* Begin PBXSourcesBuildPhase section */
		535211602811BD6C0096FF57 /* Sources */ = {
			isa = PBXSourcesBuildPhase;
			buildActionMask = 2147483647;
			files = (
				535211A12811E3840096FF57 /* BaseViewController.swift in Sources */,
				53DCE34C2814E6CB006B1CE0 /* MovieDetailInteractor.swift in Sources */,
				535211BC2812031F0096FF57 /* HomeInteractor.swift in Sources */,
				53DCE34D2814E6CB006B1CE0 /* MovieDetailModel.swift in Sources */,
				5352116C2811BD6C0096FF57 /* TabBarViewController.swift in Sources */,
				535211682811BD6C0096FF57 /* AppDelegate.swift in Sources */,
				53DCE33628145DC7006B1CE0 /* ComunicationManager.swift in Sources */,
				535211CB28120F590096FF57 /* FavoritesRouter.swift in Sources */,
				53DCE3552814F252006B1CE0 /* MovieDetail.swift in Sources */,
				53DCE3512814EB92006B1CE0 /* VideosResponse.swift in Sources */,
				535211C928120F590096FF57 /* FavoritesConfiguration.swift in Sources */,
				53DCE33028145333006B1CE0 /* Movie.swift in Sources */,
				535211CA28120F590096FF57 /* FavoritesPresenter.swift in Sources */,
				535211B82812031F0096FF57 /* HomeConfiguration.swift in Sources */,
				535211CC28120F590096FF57 /* FavoritesViewController.swift in Sources */,
				535211BF2812031F0096FF57 /* HomeManager.swift in Sources */,
				53DCE33A28145F10006B1CE0 /* NetworkManager.swift in Sources */,
				53DCE34F2814E6CB006B1CE0 /* MovieDetailManager.swift in Sources */,
				535211D428120F8A0096FF57 /* InfoViewController.swift in Sources */,
				535211722811BD6C0096FF57 /* Moview.xcdatamodeld in Sources */,
				53DCE3532814ECAF006B1CE0 /* Video.swift in Sources */,
				53DCE33C281461FD006B1CE0 /* LoggerExtension.swift in Sources */,
				53DCE34B2814E6CB006B1CE0 /* MovieDetailViewController.swift in Sources */,
				535211D028120F590096FF57 /* FavoritesManager.swift in Sources */,
				535211BB2812031F0096FF57 /* HomeViewController.swift in Sources */,
				53DCE33828145E6F006B1CE0 /* ErrorResponse.swift in Sources */,
				535211CD28120F590096FF57 /* FavoritesInteractor.swift in Sources */,
				5352116A2811BD6C0096FF57 /* SceneDelegate.swift in Sources */,
				53DCE32B2814402E006B1CE0 /* MovieCell.swift in Sources */,
				53DCE32E281452EA006B1CE0 /* MoviesResponse.swift in Sources */,
				53DCE3482814E6CB006B1CE0 /* MovieDetailConfiguration.swift in Sources */,
				53DCE33E281466F5006B1CE0 /* UITableViewCellExtension.swift in Sources */,
				535211BD2812031F0096FF57 /* HomeModel.swift in Sources */,
				535211AF2811FD880096FF57 /* Constants.swift in Sources */,
				535211BA2812031F0096FF57 /* HomeRouter.swift in Sources */,
				53DCE3492814E6CB006B1CE0 /* MovieDetailPresenter.swift in Sources */,
				53DCE35728151696006B1CE0 /* UIViewExtension.swift in Sources */,
				53DCE334281454A2006B1CE0 /* ServicesConstants.swift in Sources */,
				535211D7281214B70096FF57 /* UIColorExtension.swift in Sources */,
				53DCE34A2814E6CB006B1CE0 /* MovieDetailRouter.swift in Sources */,
				535211CE28120F590096FF57 /* FavoritesModel.swift in Sources */,
				53DCE33228145411006B1CE0 /* UIImageViewExtension.swift in Sources */,
				535211B92812031F0096FF57 /* HomePresenter.swift in Sources */,
			);
			runOnlyForDeploymentPostprocessing = 0;
		};
		535211792811BD6E0096FF57 /* Sources */ = {
			isa = PBXSourcesBuildPhase;
			buildActionMask = 2147483647;
			files = (
				535211822811BD6E0096FF57 /* MoviewTests.swift in Sources */,
			);
			runOnlyForDeploymentPostprocessing = 0;
		};
		535211832811BD6E0096FF57 /* Sources */ = {
			isa = PBXSourcesBuildPhase;
			buildActionMask = 2147483647;
			files = (
				5352118C2811BD6E0096FF57 /* MoviewUITests.swift in Sources */,
				5352118E2811BD6E0096FF57 /* MoviewUITestsLaunchTests.swift in Sources */,
			);
			runOnlyForDeploymentPostprocessing = 0;
		};
/* End PBXSourcesBuildPhase section */

/* Begin PBXTargetDependency section */
		5352117F2811BD6E0096FF57 /* PBXTargetDependency */ = {
			isa = PBXTargetDependency;
			target = 535211632811BD6C0096FF57 /* Moview */;
			targetProxy = 5352117E2811BD6E0096FF57 /* PBXContainerItemProxy */;
		};
		535211892811BD6E0096FF57 /* PBXTargetDependency */ = {
			isa = PBXTargetDependency;
			target = 535211632811BD6C0096FF57 /* Moview */;
			targetProxy = 535211882811BD6E0096FF57 /* PBXContainerItemProxy */;
		};
/* End PBXTargetDependency section */

/* Begin PBXVariantGroup section */
		5352116D2811BD6C0096FF57 /* Main.storyboard */ = {
			isa = PBXVariantGroup;
			children = (
				5352116E2811BD6C0096FF57 /* Base */,
			);
			name = Main.storyboard;
			sourceTree = "<group>";
		};
		535211752811BD6E0096FF57 /* LaunchScreen.storyboard */ = {
			isa = PBXVariantGroup;
			children = (
				535211762811BD6E0096FF57 /* Base */,
			);
			name = LaunchScreen.storyboard;
			sourceTree = "<group>";
		};
/* End PBXVariantGroup section */

/* Begin XCBuildConfiguration section */
		5352118F2811BD6E0096FF57 /* Debug */ = {
			isa = XCBuildConfiguration;
			buildSettings = {
				ALWAYS_SEARCH_USER_PATHS = NO;
				CLANG_ANALYZER_NONNULL = YES;
				CLANG_ANALYZER_NUMBER_OBJECT_CONVERSION = YES_AGGRESSIVE;
				CLANG_CXX_LANGUAGE_STANDARD = "gnu++17";
				CLANG_CXX_LIBRARY = "libc++";
				CLANG_ENABLE_MODULES = YES;
				CLANG_ENABLE_OBJC_ARC = YES;
				CLANG_ENABLE_OBJC_WEAK = YES;
				CLANG_WARN_BLOCK_CAPTURE_AUTORELEASING = YES;
				CLANG_WARN_BOOL_CONVERSION = YES;
				CLANG_WARN_COMMA = YES;
				CLANG_WARN_CONSTANT_CONVERSION = YES;
				CLANG_WARN_DEPRECATED_OBJC_IMPLEMENTATIONS = YES;
				CLANG_WARN_DIRECT_OBJC_ISA_USAGE = YES_ERROR;
				CLANG_WARN_DOCUMENTATION_COMMENTS = YES;
				CLANG_WARN_EMPTY_BODY = YES;
				CLANG_WARN_ENUM_CONVERSION = YES;
				CLANG_WARN_INFINITE_RECURSION = YES;
				CLANG_WARN_INT_CONVERSION = YES;
				CLANG_WARN_NON_LITERAL_NULL_CONVERSION = YES;
				CLANG_WARN_OBJC_IMPLICIT_RETAIN_SELF = YES;
				CLANG_WARN_OBJC_LITERAL_CONVERSION = YES;
				CLANG_WARN_OBJC_ROOT_CLASS = YES_ERROR;
				CLANG_WARN_QUOTED_INCLUDE_IN_FRAMEWORK_HEADER = YES;
				CLANG_WARN_RANGE_LOOP_ANALYSIS = YES;
				CLANG_WARN_STRICT_PROTOTYPES = YES;
				CLANG_WARN_SUSPICIOUS_MOVE = YES;
				CLANG_WARN_UNGUARDED_AVAILABILITY = YES_AGGRESSIVE;
				CLANG_WARN_UNREACHABLE_CODE = YES;
				CLANG_WARN__DUPLICATE_METHOD_MATCH = YES;
				COPY_PHASE_STRIP = NO;
				DEBUG_INFORMATION_FORMAT = dwarf;
				ENABLE_STRICT_OBJC_MSGSEND = YES;
				ENABLE_TESTABILITY = YES;
				GCC_C_LANGUAGE_STANDARD = gnu11;
				GCC_DYNAMIC_NO_PIC = NO;
				GCC_NO_COMMON_BLOCKS = YES;
				GCC_OPTIMIZATION_LEVEL = 0;
				GCC_PREPROCESSOR_DEFINITIONS = (
					"DEBUG=1",
					"$(inherited)",
				);
				GCC_WARN_64_TO_32_BIT_CONVERSION = YES;
				GCC_WARN_ABOUT_RETURN_TYPE = YES_ERROR;
				GCC_WARN_UNDECLARED_SELECTOR = YES;
				GCC_WARN_UNINITIALIZED_AUTOS = YES_AGGRESSIVE;
				GCC_WARN_UNUSED_FUNCTION = YES;
				GCC_WARN_UNUSED_VARIABLE = YES;
				IPHONEOS_DEPLOYMENT_TARGET = 15.2;
				MTL_ENABLE_DEBUG_INFO = INCLUDE_SOURCE;
				MTL_FAST_MATH = YES;
				ONLY_ACTIVE_ARCH = YES;
				SDKROOT = iphoneos;
				SWIFT_ACTIVE_COMPILATION_CONDITIONS = DEBUG;
				SWIFT_OPTIMIZATION_LEVEL = "-Onone";
			};
			name = Debug;
		};
		535211902811BD6E0096FF57 /* Release */ = {
			isa = XCBuildConfiguration;
			buildSettings = {
				ALWAYS_SEARCH_USER_PATHS = NO;
				CLANG_ANALYZER_NONNULL = YES;
				CLANG_ANALYZER_NUMBER_OBJECT_CONVERSION = YES_AGGRESSIVE;
				CLANG_CXX_LANGUAGE_STANDARD = "gnu++17";
				CLANG_CXX_LIBRARY = "libc++";
				CLANG_ENABLE_MODULES = YES;
				CLANG_ENABLE_OBJC_ARC = YES;
				CLANG_ENABLE_OBJC_WEAK = YES;
				CLANG_WARN_BLOCK_CAPTURE_AUTORELEASING = YES;
				CLANG_WARN_BOOL_CONVERSION = YES;
				CLANG_WARN_COMMA = YES;
				CLANG_WARN_CONSTANT_CONVERSION = YES;
				CLANG_WARN_DEPRECATED_OBJC_IMPLEMENTATIONS = YES;
				CLANG_WARN_DIRECT_OBJC_ISA_USAGE = YES_ERROR;
				CLANG_WARN_DOCUMENTATION_COMMENTS = YES;
				CLANG_WARN_EMPTY_BODY = YES;
				CLANG_WARN_ENUM_CONVERSION = YES;
				CLANG_WARN_INFINITE_RECURSION = YES;
				CLANG_WARN_INT_CONVERSION = YES;
				CLANG_WARN_NON_LITERAL_NULL_CONVERSION = YES;
				CLANG_WARN_OBJC_IMPLICIT_RETAIN_SELF = YES;
				CLANG_WARN_OBJC_LITERAL_CONVERSION = YES;
				CLANG_WARN_OBJC_ROOT_CLASS = YES_ERROR;
				CLANG_WARN_QUOTED_INCLUDE_IN_FRAMEWORK_HEADER = YES;
				CLANG_WARN_RANGE_LOOP_ANALYSIS = YES;
				CLANG_WARN_STRICT_PROTOTYPES = YES;
				CLANG_WARN_SUSPICIOUS_MOVE = YES;
				CLANG_WARN_UNGUARDED_AVAILABILITY = YES_AGGRESSIVE;
				CLANG_WARN_UNREACHABLE_CODE = YES;
				CLANG_WARN__DUPLICATE_METHOD_MATCH = YES;
				COPY_PHASE_STRIP = NO;
				DEBUG_INFORMATION_FORMAT = "dwarf-with-dsym";
				ENABLE_NS_ASSERTIONS = NO;
				ENABLE_STRICT_OBJC_MSGSEND = YES;
				GCC_C_LANGUAGE_STANDARD = gnu11;
				GCC_NO_COMMON_BLOCKS = YES;
				GCC_WARN_64_TO_32_BIT_CONVERSION = YES;
				GCC_WARN_ABOUT_RETURN_TYPE = YES_ERROR;
				GCC_WARN_UNDECLARED_SELECTOR = YES;
				GCC_WARN_UNINITIALIZED_AUTOS = YES_AGGRESSIVE;
				GCC_WARN_UNUSED_FUNCTION = YES;
				GCC_WARN_UNUSED_VARIABLE = YES;
				IPHONEOS_DEPLOYMENT_TARGET = 15.2;
				MTL_ENABLE_DEBUG_INFO = NO;
				MTL_FAST_MATH = YES;
				SDKROOT = iphoneos;
				SWIFT_COMPILATION_MODE = wholemodule;
				SWIFT_OPTIMIZATION_LEVEL = "-O";
				VALIDATE_PRODUCT = YES;
			};
			name = Release;
		};
		535211922811BD6E0096FF57 /* Debug */ = {
			isa = XCBuildConfiguration;
			buildSettings = {
				ASSETCATALOG_COMPILER_APPICON_NAME = AppIcon;
				ASSETCATALOG_COMPILER_GLOBAL_ACCENT_COLOR_NAME = AccentColor;
				CODE_SIGN_STYLE = Automatic;
				CURRENT_PROJECT_VERSION = 1;
				GENERATE_INFOPLIST_FILE = YES;
				INFOPLIST_FILE = Moview/Info.plist;
				INFOPLIST_KEY_UIApplicationSupportsIndirectInputEvents = YES;
				INFOPLIST_KEY_UILaunchStoryboardName = LaunchScreen;
				INFOPLIST_KEY_UIMainStoryboardFile = Main;
				INFOPLIST_KEY_UISupportedInterfaceOrientations = UIInterfaceOrientationPortrait;
				INFOPLIST_KEY_UISupportedInterfaceOrientations_iPad = "UIInterfaceOrientationPortrait UIInterfaceOrientationPortraitUpsideDown UIInterfaceOrientationLandscapeLeft UIInterfaceOrientationLandscapeRight";
				INFOPLIST_KEY_UISupportedInterfaceOrientations_iPhone = "UIInterfaceOrientationPortrait UIInterfaceOrientationLandscapeLeft UIInterfaceOrientationLandscapeRight";
				LD_RUNPATH_SEARCH_PATHS = (
					"$(inherited)",
					"@executable_path/Frameworks",
				);
				MARKETING_VERSION = 1.0;
				PRODUCT_BUNDLE_IDENTIFIER = com.dev.moview;
				PRODUCT_NAME = "$(TARGET_NAME)";
				SWIFT_EMIT_LOC_STRINGS = YES;
				SWIFT_VERSION = 5.0;
				TARGETED_DEVICE_FAMILY = "1,2";
			};
			name = Debug;
		};
		535211932811BD6E0096FF57 /* Release */ = {
			isa = XCBuildConfiguration;
			buildSettings = {
				ASSETCATALOG_COMPILER_APPICON_NAME = AppIcon;
				ASSETCATALOG_COMPILER_GLOBAL_ACCENT_COLOR_NAME = AccentColor;
				CODE_SIGN_STYLE = Automatic;
				CURRENT_PROJECT_VERSION = 1;
				GENERATE_INFOPLIST_FILE = YES;
				INFOPLIST_FILE = Moview/Info.plist;
				INFOPLIST_KEY_UIApplicationSupportsIndirectInputEvents = YES;
				INFOPLIST_KEY_UILaunchStoryboardName = LaunchScreen;
				INFOPLIST_KEY_UIMainStoryboardFile = Main;
				INFOPLIST_KEY_UISupportedInterfaceOrientations = UIInterfaceOrientationPortrait;
				INFOPLIST_KEY_UISupportedInterfaceOrientations_iPad = "UIInterfaceOrientationPortrait UIInterfaceOrientationPortraitUpsideDown UIInterfaceOrientationLandscapeLeft UIInterfaceOrientationLandscapeRight";
				INFOPLIST_KEY_UISupportedInterfaceOrientations_iPhone = "UIInterfaceOrientationPortrait UIInterfaceOrientationLandscapeLeft UIInterfaceOrientationLandscapeRight";
				LD_RUNPATH_SEARCH_PATHS = (
					"$(inherited)",
					"@executable_path/Frameworks",
				);
				MARKETING_VERSION = 1.0;
				PRODUCT_BUNDLE_IDENTIFIER = com.dev.moview;
				PRODUCT_NAME = "$(TARGET_NAME)";
				SWIFT_EMIT_LOC_STRINGS = YES;
				SWIFT_VERSION = 5.0;
				TARGETED_DEVICE_FAMILY = "1,2";
			};
			name = Release;
		};
		535211952811BD6E0096FF57 /* Debug */ = {
			isa = XCBuildConfiguration;
			buildSettings = {
				ALWAYS_EMBED_SWIFT_STANDARD_LIBRARIES = YES;
				BUNDLE_LOADER = "$(TEST_HOST)";
				CODE_SIGN_STYLE = Automatic;
				CURRENT_PROJECT_VERSION = 1;
				GENERATE_INFOPLIST_FILE = YES;
				IPHONEOS_DEPLOYMENT_TARGET = 15.2;
				MARKETING_VERSION = 1.0;
				PRODUCT_BUNDLE_IDENTIFIER = CondorLabs.MoviewTests;
				PRODUCT_NAME = "$(TARGET_NAME)";
				SWIFT_EMIT_LOC_STRINGS = NO;
				SWIFT_VERSION = 5.0;
				TARGETED_DEVICE_FAMILY = "1,2";
				TEST_HOST = "$(BUILT_PRODUCTS_DIR)/Moview.app/Moview";
			};
			name = Debug;
		};
		535211962811BD6E0096FF57 /* Release */ = {
			isa = XCBuildConfiguration;
			buildSettings = {
				ALWAYS_EMBED_SWIFT_STANDARD_LIBRARIES = YES;
				BUNDLE_LOADER = "$(TEST_HOST)";
				CODE_SIGN_STYLE = Automatic;
				CURRENT_PROJECT_VERSION = 1;
				GENERATE_INFOPLIST_FILE = YES;
				IPHONEOS_DEPLOYMENT_TARGET = 15.2;
				MARKETING_VERSION = 1.0;
				PRODUCT_BUNDLE_IDENTIFIER = CondorLabs.MoviewTests;
				PRODUCT_NAME = "$(TARGET_NAME)";
				SWIFT_EMIT_LOC_STRINGS = NO;
				SWIFT_VERSION = 5.0;
				TARGETED_DEVICE_FAMILY = "1,2";
				TEST_HOST = "$(BUILT_PRODUCTS_DIR)/Moview.app/Moview";
			};
			name = Release;
		};
		535211982811BD6E0096FF57 /* Debug */ = {
			isa = XCBuildConfiguration;
			buildSettings = {
				ALWAYS_EMBED_SWIFT_STANDARD_LIBRARIES = YES;
				CODE_SIGN_STYLE = Automatic;
				CURRENT_PROJECT_VERSION = 1;
				GENERATE_INFOPLIST_FILE = YES;
				MARKETING_VERSION = 1.0;
				PRODUCT_BUNDLE_IDENTIFIER = CondorLabs.MoviewUITests;
				PRODUCT_NAME = "$(TARGET_NAME)";
				SWIFT_EMIT_LOC_STRINGS = NO;
				SWIFT_VERSION = 5.0;
				TARGETED_DEVICE_FAMILY = "1,2";
				TEST_TARGET_NAME = Moview;
			};
			name = Debug;
		};
		535211992811BD6E0096FF57 /* Release */ = {
			isa = XCBuildConfiguration;
			buildSettings = {
				ALWAYS_EMBED_SWIFT_STANDARD_LIBRARIES = YES;
				CODE_SIGN_STYLE = Automatic;
				CURRENT_PROJECT_VERSION = 1;
				GENERATE_INFOPLIST_FILE = YES;
				MARKETING_VERSION = 1.0;
				PRODUCT_BUNDLE_IDENTIFIER = CondorLabs.MoviewUITests;
				PRODUCT_NAME = "$(TARGET_NAME)";
				SWIFT_EMIT_LOC_STRINGS = NO;
				SWIFT_VERSION = 5.0;
				TARGETED_DEVICE_FAMILY = "1,2";
				TEST_TARGET_NAME = Moview;
			};
			name = Release;
		};
/* End XCBuildConfiguration section */

/* Begin XCConfigurationList section */
		5352115F2811BD6C0096FF57 /* Build configuration list for PBXProject "Moview" */ = {
			isa = XCConfigurationList;
			buildConfigurations = (
				5352118F2811BD6E0096FF57 /* Debug */,
				535211902811BD6E0096FF57 /* Release */,
			);
			defaultConfigurationIsVisible = 0;
			defaultConfigurationName = Release;
		};
		535211912811BD6E0096FF57 /* Build configuration list for PBXNativeTarget "Moview" */ = {
			isa = XCConfigurationList;
			buildConfigurations = (
				535211922811BD6E0096FF57 /* Debug */,
				535211932811BD6E0096FF57 /* Release */,
			);
			defaultConfigurationIsVisible = 0;
			defaultConfigurationName = Release;
		};
		535211942811BD6E0096FF57 /* Build configuration list for PBXNativeTarget "MoviewTests" */ = {
			isa = XCConfigurationList;
			buildConfigurations = (
				535211952811BD6E0096FF57 /* Debug */,
				535211962811BD6E0096FF57 /* Release */,
			);
			defaultConfigurationIsVisible = 0;
			defaultConfigurationName = Release;
		};
		535211972811BD6E0096FF57 /* Build configuration list for PBXNativeTarget "MoviewUITests" */ = {
			isa = XCConfigurationList;
			buildConfigurations = (
				535211982811BD6E0096FF57 /* Debug */,
				535211992811BD6E0096FF57 /* Release */,
			);
			defaultConfigurationIsVisible = 0;
			defaultConfigurationName = Release;
		};
/* End XCConfigurationList section */

/* Begin XCVersionGroup section */
		535211702811BD6C0096FF57 /* Moview.xcdatamodeld */ = {
			isa = XCVersionGroup;
			children = (
				535211712811BD6C0096FF57 /* Moview.xcdatamodel */,
			);
			currentVersion = 535211712811BD6C0096FF57 /* Moview.xcdatamodel */;
			path = Moview.xcdatamodeld;
			sourceTree = "<group>";
			versionGroupType = wrapper.xcdatamodel;
		};
/* End XCVersionGroup section */
	};
	rootObject = 5352115C2811BD6C0096FF57 /* Project object */;
}
